// !$*UTF8*$!
{
	archiveVersion = 1;
	classes = {
	};
	objectVersion = 46;
	objects = {

/* Begin PBXBuildFile section */
		81B22B6F1D68B1DB001D75B3 /* main.m in Sources */ = {isa = PBXBuildFile; fileRef = 81B22B6E1D68B1DB001D75B3 /* main.m */; };
		81B22B721D68B1DB001D75B3 /* AppDelegate.m in Sources */ = {isa = PBXBuildFile; fileRef = 81B22B711D68B1DB001D75B3 /* AppDelegate.m */; };
		81B22B751D68B1DB001D75B3 /* ViewController.m in Sources */ = {isa = PBXBuildFile; fileRef = 81B22B741D68B1DB001D75B3 /* ViewController.m */; };
		81B22B781D68B1DB001D75B3 /* Main.storyboard in Resources */ = {isa = PBXBuildFile; fileRef = 81B22B761D68B1DB001D75B3 /* Main.storyboard */; };
		81B22B7A1D68B1DB001D75B3 /* Assets.xcassets in Resources */ = {isa = PBXBuildFile; fileRef = 81B22B791D68B1DB001D75B3 /* Assets.xcassets */; };
		81B22B7D1D68B1DB001D75B3 /* LaunchScreen.storyboard in Resources */ = {isa = PBXBuildFile; fileRef = 81B22B7B1D68B1DB001D75B3 /* LaunchScreen.storyboard */; };
		81B22B881D68B2EB001D75B3 /* Colleague.m in Sources */ = {isa = PBXBuildFile; fileRef = 81B22B871D68B2EB001D75B3 /* Colleague.m */; };
		81B22B8B1D68B66D001D75B3 /* Customer.m in Sources */ = {isa = PBXBuildFile; fileRef = 81B22B8A1D68B66D001D75B3 /* Customer.m */; };
		81B22B8E1D68B75E001D75B3 /* Programmer.m in Sources */ = {isa = PBXBuildFile; fileRef = 81B22B8D1D68B75E001D75B3 /* Programmer.m */; };
		81B22B911D68B811001D75B3 /* Tester.m in Sources */ = {isa = PBXBuildFile; fileRef = 81B22B901D68B811001D75B3 /* Tester.m */; };
		81B22B971D68B8E8001D75B3 /* Manager.m in Sources */ = {isa = PBXBuildFile; fileRef = 81B22B961D68B8E8001D75B3 /* Manager.m */; };
/* End PBXBuildFile section */

/* Begin PBXFileReference section */
		81B22B6A1D68B1DB001D75B3 /* mediator_pattern.app */ = {isa = PBXFileReference; explicitFileType = wrapper.application; includeInIndex = 0; path = mediator_pattern.app; sourceTree = BUILT_PRODUCTS_DIR; };
		81B22B6E1D68B1DB001D75B3 /* main.m */ = {isa = PBXFileReference; lastKnownFileType = sourcecode.c.objc; path = main.m; sourceTree = "<group>"; };
		81B22B701D68B1DB001D75B3 /* AppDelegate.h */ = {isa = PBXFileReference; lastKnownFileType = sourcecode.c.h; path = AppDelegate.h; sourceTree = "<group>"; };
		81B22B711D68B1DB001D75B3 /* AppDelegate.m */ = {isa = PBXFileReference; lastKnownFileType = sourcecode.c.objc; path = AppDelegate.m; sourceTree = "<group>"; };
		81B22B731D68B1DB001D75B3 /* ViewController.h */ = {isa = PBXFileReference; lastKnownFileType = sourcecode.c.h; path = ViewController.h; sourceTree = "<group>"; };
		81B22B741D68B1DB001D75B3 /* ViewController.m */ = {isa = PBXFileReference; lastKnownFileType = sourcecode.c.objc; path = ViewController.m; sourceTree = "<group>"; };
		81B22B771D68B1DB001D75B3 /* Base */ = {isa = PBXFileReference; lastKnownFileType = file.storyboard; name = Base; path = Base.lproj/Main.storyboard; sourceTree = "<group>"; };
		81B22B791D68B1DB001D75B3 /* Assets.xcassets */ = {isa = PBXFileReference; lastKnownFileType = folder.assetcatalog; path = Assets.xcassets; sourceTree = "<group>"; };
		81B22B7C1D68B1DB001D75B3 /* Base */ = {isa = PBXFileReference; lastKnownFileType = file.storyboard; name = Base; path = Base.lproj/LaunchScreen.storyboard; sourceTree = "<group>"; };
		81B22B7E1D68B1DB001D75B3 /* Info.plist */ = {isa = PBXFileReference; lastKnownFileType = text.plist.xml; path = Info.plist; sourceTree = "<group>"; };
		81B22B851D68B255001D75B3 /* IMediator.h */ = {isa = PBXFileReference; fileEncoding = 4; lastKnownFileType = sourcecode.c.h; path = IMediator.h; sourceTree = "<group>"; };
		81B22B861D68B2EB001D75B3 /* Colleague.h */ = {isa = PBXFileReference; fileEncoding = 4; lastKnownFileType = sourcecode.c.h; path = Colleague.h; sourceTree = "<group>"; };
		81B22B871D68B2EB001D75B3 /* Colleague.m */ = {isa = PBXFileReference; fileEncoding = 4; lastKnownFileType = sourcecode.c.objc; path = Colleague.m; sourceTree = "<group>"; };
		81B22B891D68B66D001D75B3 /* Customer.h */ = {isa = PBXFileReference; fileEncoding = 4; lastKnownFileType = sourcecode.c.h; path = Customer.h; sourceTree = "<group>"; };
		81B22B8A1D68B66D001D75B3 /* Customer.m */ = {isa = PBXFileReference; fileEncoding = 4; lastKnownFileType = sourcecode.c.objc; path = Customer.m; sourceTree = "<group>"; };
		81B22B8C1D68B75E001D75B3 /* Programmer.h */ = {isa = PBXFileReference; fileEncoding = 4; lastKnownFileType = sourcecode.c.h; path = Programmer.h; sourceTree = "<group>"; };
		81B22B8D1D68B75E001D75B3 /* Programmer.m */ = {isa = PBXFileReference; fileEncoding = 4; lastKnownFileType = sourcecode.c.objc; path = Programmer.m; sourceTree = "<group>"; };
		81B22B8F1D68B811001D75B3 /* Tester.h */ = {isa = PBXFileReference; fileEncoding = 4; lastKnownFileType = sourcecode.c.h; path = Tester.h; sourceTree = "<group>"; };
		81B22B901D68B811001D75B3 /* Tester.m */ = {isa = PBXFileReference; fileEncoding = 4; lastKnownFileType = sourcecode.c.objc; path = Tester.m; sourceTree = "<group>"; };
		81B22B951D68B8E8001D75B3 /* Manager.h */ = {isa = PBXFileReference; fileEncoding = 4; lastKnownFileType = sourcecode.c.h; path = Manager.h; sourceTree = "<group>"; };
		81B22B961D68B8E8001D75B3 /* Manager.m */ = {isa = PBXFileReference; fileEncoding = 4; lastKnownFileType = sourcecode.c.objc; path = Manager.m; sourceTree = "<group>"; };
/* End PBXFileReference section */

/* Begin PBXFrameworksBuildPhase section */
		81B22B671D68B1DB001D75B3 /* Frameworks */ = {
			isa = PBXFrameworksBuildPhase;
			buildActionMask = 2147483647;
			files = (
			);
			runOnlyForDeploymentPostprocessing = 0;
		};
/* End PBXFrameworksBuildPhase section */

/* Begin PBXGroup section */
		81B22B611D68B1DB001D75B3 = {
			isa = PBXGroup;
			children = (
				81B22B6C1D68B1DB001D75B3 /* mediator_pattern */,
				81B22B6B1D68B1DB001D75B3 /* Products */,
			);
			sourceTree = "<group>";
		};
		81B22B6B1D68B1DB001D75B3 /* Products */ = {
			isa = PBXGroup;
			children = (
				81B22B6A1D68B1DB001D75B3 /* mediator_pattern.app */,
			);
			name = Products;
			sourceTree = "<group>";
		};
		81B22B6C1D68B1DB001D75B3 /* mediator_pattern */ = {
			isa = PBXGroup;
			children = (
				81B22B841D68B1E1001D75B3 /* Model */,
				81B22B701D68B1DB001D75B3 /* AppDelegate.h */,
				81B22B711D68B1DB001D75B3 /* AppDelegate.m */,
				81B22B731D68B1DB001D75B3 /* ViewController.h */,
				81B22B741D68B1DB001D75B3 /* ViewController.m */,
				81B22B761D68B1DB001D75B3 /* Main.storyboard */,
				81B22B791D68B1DB001D75B3 /* Assets.xcassets */,
				81B22B7B1D68B1DB001D75B3 /* LaunchScreen.storyboard */,
				81B22B7E1D68B1DB001D75B3 /* Info.plist */,
				81B22B6D1D68B1DB001D75B3 /* Supporting Files */,
			);
			path = mediator_pattern;
			sourceTree = "<group>";
		};
		81B22B6D1D68B1DB001D75B3 /* Supporting Files */ = {
			isa = PBXGroup;
			children = (
				81B22B6E1D68B1DB001D75B3 /* main.m */,
			);
			name = "Supporting Files";
			sourceTree = "<group>";
		};
		81B22B841D68B1E1001D75B3 /* Model */ = {
			isa = PBXGroup;
			children = (
				81B22B851D68B255001D75B3 /* IMediator.h */,
				81B22B861D68B2EB001D75B3 /* Colleague.h */,
				81B22B871D68B2EB001D75B3 /* Colleague.m */,
				81B22B891D68B66D001D75B3 /* Customer.h */,
				81B22B8A1D68B66D001D75B3 /* Customer.m */,
				81B22B8C1D68B75E001D75B3 /* Programmer.h */,
				81B22B8D1D68B75E001D75B3 /* Programmer.m */,
				81B22B8F1D68B811001D75B3 /* Tester.h */,
				81B22B901D68B811001D75B3 /* Tester.m */,
				81B22B951D68B8E8001D75B3 /* Manager.h */,
				81B22B961D68B8E8001D75B3 /* Manager.m */,
			);
			name = Model;
			sourceTree = "<group>";
		};
/* End PBXGroup section */

/* Begin PBXNativeTarget section */
		81B22B691D68B1DB001D75B3 /* mediator_pattern */ = {
			isa = PBXNativeTarget;
			buildConfigurationList = 81B22B811D68B1DB001D75B3 /* Build configuration list for PBXNativeTarget "mediator_pattern" */;
			buildPhases = (
				81B22B661D68B1DB001D75B3 /* Sources */,
				81B22B671D68B1DB001D75B3 /* Frameworks */,
				81B22B681D68B1DB001D75B3 /* Resources */,
			);
			buildRules = (
			);
			dependencies = (
			);
			name = mediator_pattern;
			productName = mediator_pattern;
			productReference = 81B22B6A1D68B1DB001D75B3 /* mediator_pattern.app */;
			productType = "com.apple.product-type.application";
		};
/* End PBXNativeTarget section */

/* Begin PBXProject section */
		81B22B621D68B1DB001D75B3 /* Project object */ = {
			isa = PBXProject;
			attributes = {
				LastUpgradeCheck = 0730;
				ORGANIZATIONNAME = "Dmitriy Arkhipov";
				TargetAttributes = {
					81B22B691D68B1DB001D75B3 = {
						CreatedOnToolsVersion = 7.3.1;
					};
				};
			};
			buildConfigurationList = 81B22B651D68B1DB001D75B3 /* Build configuration list for PBXProject "mediator_pattern" */;
			compatibilityVersion = "Xcode 3.2";
			developmentRegion = English;
			hasScannedForEncodings = 0;
			knownRegions = (
				en,
				Base,
			);
			mainGroup = 81B22B611D68B1DB001D75B3;
			productRefGroup = 81B22B6B1D68B1DB001D75B3 /* Products */;
			projectDirPath = "";
			projectRoot = "";
			targets = (
				81B22B691D68B1DB001D75B3 /* mediator_pattern */,
			);
		};
/* End PBXProject section */

/* Begin PBXResourcesBuildPhase section */
		81B22B681D68B1DB001D75B3 /* Resources */ = {
			isa = PBXResourcesBuildPhase;
			buildActionMask = 2147483647;
			files = (
				81B22B7D1D68B1DB001D75B3 /* LaunchScreen.storyboard in Resources */,
				81B22B7A1D68B1DB001D75B3 /* Assets.xcassets in Resources */,
				81B22B781D68B1DB001D75B3 /* Main.storyboard in Resources */,
			);
			runOnlyForDeploymentPostprocessing = 0;
		};
/* End PBXResourcesBuildPhase section */

/* Begin PBXSourcesBuildPhase section */
		81B22B661D68B1DB001D75B3 /* Sources */ = {
			isa = PBXSourcesBuildPhase;
			buildActionMask = 2147483647;
			files = (
				81B22B911D68B811001D75B3 /* Tester.m in Sources */,
				81B22B751D68B1DB001D75B3 /* ViewController.m in Sources */,
				81B22B721D68B1DB001D75B3 /* AppDelegate.m in Sources */,
				81B22B6F1D68B1DB001D75B3 /* main.m in Sources */,
				81B22B8E1D68B75E001D75B3 /* Programmer.m in Sources */,
				81B22B881D68B2EB001D75B3 /* Colleague.m in Sources */,
				81B22B8B1D68B66D001D75B3 /* Customer.m in Sources */,
				81B22B971D68B8E8001D75B3 /* Manager.m in Sources */,
			);
			runOnlyForDeploymentPostprocessing = 0;
		};
/* End PBXSourcesBuildPhase section */

/* Begin PBXVariantGroup section */
		81B22B761D68B1DB001D75B3 /* Main.storyboard */ = {
			isa = PBXVariantGroup;
			children = (
				81B22B771D68B1DB001D75B3 /* Base */,
			);
			name = Main.storyboard;
			sourceTree = "<group>";
		};
		81B22B7B1D68B1DB001D75B3 /* LaunchScreen.storyboard */ = {
			isa = PBXVariantGroup;
			children = (
				81B22B7C1D68B1DB001D75B3 /* Base */,
			);
			name = LaunchScreen.storyboard;
			sourceTree = "<group>";
		};
/* End PBXVariantGroup section */

/* Begin XCBuildConfiguration section */
		81B22B7F1D68B1DB001D75B3 /* Debug */ = {
			isa = XCBuildConfiguration;
			buildSettings = {
				ALWAYS_SEARCH_USER_PATHS = NO;
				CLANG_ANALYZER_NONNULL = YES;
				CLANG_CXX_LANGUAGE_STANDARD = "gnu++0x";
				CLANG_CXX_LIBRARY = "libc++";
				CLANG_ENABLE_MODULES = YES;
				CLANG_ENABLE_OBJC_ARC = YES;
				CLANG_WARN_BOOL_CONVERSION = YES;
				CLANG_WARN_CONSTANT_CONVERSION = YES;
				CLANG_WARN_DIRECT_OBJC_ISA_USAGE = YES_ERROR;
				CLANG_WARN_EMPTY_BODY = YES;
				CLANG_WARN_ENUM_CONVERSION = YES;
				CLANG_WARN_INT_CONVERSION = YES;
				CLANG_WARN_OBJC_ROOT_CLASS = YES_ERROR;
				CLANG_WARN_UNREACHABLE_CODE = YES;
				CLANG_WARN__DUPLICATE_METHOD_MATCH = YES;
				"CODE_SIGN_IDENTITY[sdk=iphoneos*]" = "iPhone Developer";
				COPY_PHASE_STRIP = NO;
				DEBUG_INFORMATION_FORMAT = dwarf;
				ENABLE_STRICT_OBJC_MSGSEND = YES;
				ENABLE_TESTABILITY = YES;
				GCC_C_LANGUAGE_STANDARD = gnu99;
				GCC_DYNAMIC_NO_PIC = NO;
				GCC_NO_COMMON_BLOCKS = YES;
				GCC_OPTIMIZATION_LEVEL = 0;
				GCC_PREPROCESSOR_DEFINITIONS = (
					"DEBUG=1",
					"$(inherited)",
				);
				GCC_WARN_64_TO_32_BIT_CONVERSION = YES;
				GCC_WARN_ABOUT_RETURN_TYPE = YES_ERROR;
				GCC_WARN_UNDECLARED_SELECTOR = YES;
				GCC_WARN_UNINITIALIZED_AUTOS = YES_AGGRESSIVE;
				GCC_WARN_UNUSED_FUNCTION = YES;
				GCC_WARN_UNUSED_VARIABLE = YES;
				IPHONEOS_DEPLOYMENT_TARGET = 9.3;
				MTL_ENABLE_DEBUG_INFO = YES;
				ONLY_ACTIVE_ARCH = YES;
				SDKROOT = iphoneos;
				TARGETED_DEVICE_FAMILY = "1,2";
			};
			name = Debug;
		};
		81B22B801D68B1DB001D75B3 /* Release */ = {
			isa = XCBuildConfiguration;
			buildSettings = {
				ALWAYS_SEARCH_USER_PATHS = NO;
				CLANG_ANALYZER_NONNULL = YES;
				CLANG_CXX_LANGUAGE_STANDARD = "gnu++0x";
				CLANG_CXX_LIBRARY = "libc++";
				CLANG_ENABLE_MODULES = YES;
				CLANG_ENABLE_OBJC_ARC = YES;
				CLANG_WARN_BOOL_CONVERSION = YES;
				CLANG_WARN_CONSTANT_CONVERSION = YES;
				CLANG_WARN_DIRECT_OBJC_ISA_USAGE = YES_ERROR;
				CLANG_WARN_EMPTY_BODY = YES;
				CLANG_WARN_ENUM_CONVERSION = YES;
				CLANG_WARN_INT_CONVERSION = YES;
				CLANG_WARN_OBJC_ROOT_CLASS = YES_ERROR;
				CLANG_WARN_UNREACHABLE_CODE = YES;
				CLANG_WARN__DUPLICATE_METHOD_MATCH = YES;
				"CODE_SIGN_IDENTITY[sdk=iphoneos*]" = "iPhone Developer";
				COPY_PHASE_STRIP = NO;
				DEBUG_INFORMATION_FORMAT = "dwarf-with-dsym";
				ENABLE_NS_ASSERTIONS = NO;
				ENABLE_STRICT_OBJC_MSGSEND = YES;
				GCC_C_LANGUAGE_STANDARD = gnu99;
				GCC_NO_COMMON_BLOCKS = YES;
				GCC_WARN_64_TO_32_BIT_CONVERSION = YES;
				GCC_WARN_ABOUT_RETURN_TYPE = YES_ERROR;
				GCC_WARN_UNDECLARED_SELECTOR = YES;
				GCC_WARN_UNINITIALIZED_AUTOS = YES_AGGRESSIVE;
				GCC_WARN_UNUSED_FUNCTION = YES;
				GCC_WARN_UNUSED_VARIABLE = YES;
				IPHONEOS_DEPLOYMENT_TARGET = 9.3;
				MTL_ENABLE_DEBUG_INFO = NO;
				SDKROOT = iphoneos;
				TARGETED_DEVICE_FAMILY = "1,2";
				VALIDATE_PRODUCT = YES;
			};
			name = Release;
		};
		81B22B821D68B1DB001D75B3 /* Debug */ = {
			isa = XCBuildConfiguration;
			buildSettings = {
				ASSETCATALOG_COMPILER_APPICON_NAME = AppIcon;
				INFOPLIST_FILE = mediator_pattern/Info.plist;
				LD_RUNPATH_SEARCH_PATHS = "$(inherited) @executable_path/Frameworks";
				PRODUCT_BUNDLE_IDENTIFIER = "com.dmitriyarkhipov.mediator-pattern";
				PRODUCT_NAME = "$(TARGET_NAME)";
			};
			name = Debug;
		};
		81B22B831D68B1DB001D75B3 /* Release */ = {
			isa = XCBuildConfiguration;
			buildSettings = {
				ASSETCATALOG_COMPILER_APPICON_NAME = AppIcon;
				INFOPLIST_FILE = mediator_pattern/Info.plist;
				LD_RUNPATH_SEARCH_PATHS = "$(inherited) @executable_path/Frameworks";
				PRODUCT_BUNDLE_IDENTIFIER = "com.dmitriyarkhipov.mediator-pattern";
				PRODUCT_NAME = "$(TARGET_NAME)";
			};
			name = Release;
		};
/* End XCBuildConfiguration section */

/* Begin XCConfigurationList section */
		81B22B651D68B1DB001D75B3 /* Build configuration list for PBXProject "mediator_pattern" */ = {
			isa = XCConfigurationList;
			buildConfigurations = (
				81B22B7F1D68B1DB001D75B3 /* Debug */,
				81B22B801D68B1DB001D75B3 /* Release */,
			);
			defaultConfigurationIsVisible = 0;
			defaultConfigurationName = Release;
		};
		81B22B811D68B1DB001D75B3 /* Build configuration list for PBXNativeTarget "mediator_pattern" */ = {
			isa = XCConfigurationList;
			buildConfigurations = (
				81B22B821D68B1DB001D75B3 /* Debug */,
				81B22B831D68B1DB001D75B3 /* Release */,
			);
			defaultConfigurationIsVisible = 0;
		};
/* End XCConfigurationList section */
	};
	rootObject = 81B22B621D68B1DB001D75B3 /* Project object */;
}
